
Microsoft Visual Studio Solution File, Format Version 12.00
# Visual Studio 15
VisualStudioVersion = 15.0.26124.0
MinimumVisualStudioVersion = 15.0.26124.0
Project("{FAE04EC0-301F-11D3-BF4B-00C04F79EFBC}") = "Loja.Core", "Loja.Core\Loja.Core.csproj", "{E4481110-D2CE-4366-AAA6-D7AC6799D822}"
EndProject
Project("{FAE04EC0-301F-11D3-BF4B-00C04F79EFBC}") = "Loja.Cadastros.API", "Loja.Cadastros.API\Loja.Cadastros.API.csproj", "{7D5F6A40-8AC3-4C18-918E-680B84EEF62F}"
EndProject
Project("{FAE04EC0-301F-11D3-BF4B-00C04F79EFBC}") = "Loja.UI.Razor", "Loja.UI.Razor\Loja.UI.Razor.csproj", "{3165285F-2FB9-4834-815D-6EBBC9509E32}"
EndProject
Project("{FAE04EC0-301F-11D3-BF4B-00C04F79EFBC}") = "Loja.Tests", "Loja.Tests\Loja.Tests.csproj", "{EE60F06B-1822-47D1-985C-925F45EC1BEC}"
EndProject
Project("{FAE04EC0-301F-11D3-BF4B-00C04F79EFBC}") = "Loja.Core.API", "Loja.Core.API\Loja.Core.API.csproj", "{2357EC54-5FC0-4AE7-B6D4-8E8C9D0AAC25}"
EndProject
Project("{FAE04EC0-301F-11D3-BF4B-00C04F79EFBC}") = "Loja.Cadastros.Domain", "Loja.Cadastros.Domain\Loja.Cadastros.Domain.csproj", "{B99518ED-7D2C-4DA7-B52B-CEF2E9E994DD}"
EndProject
Project("{FAE04EC0-301F-11D3-BF4B-00C04F79EFBC}") = "Loja.Cadastros.Infra", "Loja.Cadastros.Infra\Loja.Cadastros.Infra.csproj", "{FD4EE4A9-75C0-4164-B067-E5F8B1F71501}"
EndProject
Project("{FAE04EC0-301F-11D3-BF4B-00C04F79EFBC}") = "Loja.Core.Identity", "Loja.Core.Identity\Loja.Core.Identity.csproj", "{986E0321-B5A1-413F-859D-0D9A5A46BA5E}"
EndProject
Project("{FAE04EC0-301F-11D3-BF4B-00C04F79EFBC}") = "Loja.Identity.API", "Loja.Identity.API\Loja.Identity.API.csproj", "{01BD968D-0C6F-4135-A246-E8C8E97C8326}"
EndProject
Global
	GlobalSection(SolutionConfigurationPlatforms) = preSolution
		Debug|Any CPU = Debug|Any CPU
		Debug|x64 = Debug|x64
		Debug|x86 = Debug|x86
		Release|Any CPU = Release|Any CPU
		Release|x64 = Release|x64
		Release|x86 = Release|x86
	EndGlobalSection
	GlobalSection(SolutionProperties) = preSolution
		HideSolutionNode = FALSE
	EndGlobalSection
	GlobalSection(ProjectConfigurationPlatforms) = postSolution
		{E4481110-D2CE-4366-AAA6-D7AC6799D822}.Debug|Any CPU.ActiveCfg = Debug|Any CPU
		{E4481110-D2CE-4366-AAA6-D7AC6799D822}.Debug|Any CPU.Build.0 = Debug|Any CPU
		{E4481110-D2CE-4366-AAA6-D7AC6799D822}.Debug|x64.ActiveCfg = Debug|Any CPU
		{E4481110-D2CE-4366-AAA6-D7AC6799D822}.Debug|x64.Build.0 = Debug|Any CPU
		{E4481110-D2CE-4366-AAA6-D7AC6799D822}.Debug|x86.ActiveCfg = Debug|Any CPU
		{E4481110-D2CE-4366-AAA6-D7AC6799D822}.Debug|x86.Build.0 = Debug|Any CPU
		{E4481110-D2CE-4366-AAA6-D7AC6799D822}.Release|Any CPU.ActiveCfg = Release|Any CPU
		{E4481110-D2CE-4366-AAA6-D7AC6799D822}.Release|Any CPU.Build.0 = Release|Any CPU
		{E4481110-D2CE-4366-AAA6-D7AC6799D822}.Release|x64.ActiveCfg = Release|Any CPU
		{E4481110-D2CE-4366-AAA6-D7AC6799D822}.Release|x64.Build.0 = Release|Any CPU
		{E4481110-D2CE-4366-AAA6-D7AC6799D822}.Release|x86.ActiveCfg = Release|Any CPU
		{E4481110-D2CE-4366-AAA6-D7AC6799D822}.Release|x86.Build.0 = Release|Any CPU
		{D22D3AA0-31C0-4F59-9274-176C6EF63531}.Debug|Any CPU.ActiveCfg = Debug|Any CPU
		{D22D3AA0-31C0-4F59-9274-176C6EF63531}.Debug|Any CPU.Build.0 = Debug|Any CPU
		{D22D3AA0-31C0-4F59-9274-176C6EF63531}.Debug|x64.ActiveCfg = Debug|Any CPU
		{D22D3AA0-31C0-4F59-9274-176C6EF63531}.Debug|x64.Build.0 = Debug|Any CPU
		{D22D3AA0-31C0-4F59-9274-176C6EF63531}.Debug|x86.ActiveCfg = Debug|Any CPU
		{D22D3AA0-31C0-4F59-9274-176C6EF63531}.Debug|x86.Build.0 = Debug|Any CPU
		{D22D3AA0-31C0-4F59-9274-176C6EF63531}.Release|Any CPU.ActiveCfg = Release|Any CPU
		{D22D3AA0-31C0-4F59-9274-176C6EF63531}.Release|Any CPU.Build.0 = Release|Any CPU
		{D22D3AA0-31C0-4F59-9274-176C6EF63531}.Release|x64.ActiveCfg = Release|Any CPU
		{D22D3AA0-31C0-4F59-9274-176C6EF63531}.Release|x64.Build.0 = Release|Any CPU
		{D22D3AA0-31C0-4F59-9274-176C6EF63531}.Release|x86.ActiveCfg = Release|Any CPU
		{D22D3AA0-31C0-4F59-9274-176C6EF63531}.Release|x86.Build.0 = Release|Any CPU
		{44E3D82A-CE71-4D77-B101-E8A9E8937166}.Debug|Any CPU.ActiveCfg = Debug|Any CPU
		{44E3D82A-CE71-4D77-B101-E8A9E8937166}.Debug|Any CPU.Build.0 = Debug|Any CPU
		{44E3D82A-CE71-4D77-B101-E8A9E8937166}.Debug|x64.ActiveCfg = Debug|Any CPU
		{44E3D82A-CE71-4D77-B101-E8A9E8937166}.Debug|x64.Build.0 = Debug|Any CPU
		{44E3D82A-CE71-4D77-B101-E8A9E8937166}.Debug|x86.ActiveCfg = Debug|Any CPU
		{44E3D82A-CE71-4D77-B101-E8A9E8937166}.Debug|x86.Build.0 = Debug|Any CPU
		{44E3D82A-CE71-4D77-B101-E8A9E8937166}.Release|Any CPU.ActiveCfg = Release|Any CPU
		{44E3D82A-CE71-4D77-B101-E8A9E8937166}.Release|Any CPU.Build.0 = Release|Any CPU
		{44E3D82A-CE71-4D77-B101-E8A9E8937166}.Release|x64.ActiveCfg = Release|Any CPU
		{44E3D82A-CE71-4D77-B101-E8A9E8937166}.Release|x64.Build.0 = Release|Any CPU
		{44E3D82A-CE71-4D77-B101-E8A9E8937166}.Release|x86.ActiveCfg = Release|Any CPU
		{44E3D82A-CE71-4D77-B101-E8A9E8937166}.Release|x86.Build.0 = Release|Any CPU
		{3165285F-2FB9-4834-815D-6EBBC9509E32}.Debug|Any CPU.ActiveCfg = Debug|Any CPU
		{3165285F-2FB9-4834-815D-6EBBC9509E32}.Debug|Any CPU.Build.0 = Debug|Any CPU
		{3165285F-2FB9-4834-815D-6EBBC9509E32}.Debug|x64.ActiveCfg = Debug|Any CPU
		{3165285F-2FB9-4834-815D-6EBBC9509E32}.Debug|x64.Build.0 = Debug|Any CPU
		{3165285F-2FB9-4834-815D-6EBBC9509E32}.Debug|x86.ActiveCfg = Debug|Any CPU
		{3165285F-2FB9-4834-815D-6EBBC9509E32}.Debug|x86.Build.0 = Debug|Any CPU
		{3165285F-2FB9-4834-815D-6EBBC9509E32}.Release|Any CPU.ActiveCfg = Release|Any CPU
		{3165285F-2FB9-4834-815D-6EBBC9509E32}.Release|Any CPU.Build.0 = Release|Any CPU
		{3165285F-2FB9-4834-815D-6EBBC9509E32}.Release|x64.ActiveCfg = Release|Any CPU
		{3165285F-2FB9-4834-815D-6EBBC9509E32}.Release|x64.Build.0 = Release|Any CPU
		{3165285F-2FB9-4834-815D-6EBBC9509E32}.Release|x86.ActiveCfg = Release|Any CPU
		{3165285F-2FB9-4834-815D-6EBBC9509E32}.Release|x86.Build.0 = Release|Any CPU
		{EE60F06B-1822-47D1-985C-925F45EC1BEC}.Debug|Any CPU.ActiveCfg = Debug|Any CPU
		{EE60F06B-1822-47D1-985C-925F45EC1BEC}.Debug|Any CPU.Build.0 = Debug|Any CPU
		{EE60F06B-1822-47D1-985C-925F45EC1BEC}.Debug|x64.ActiveCfg = Debug|Any CPU
		{EE60F06B-1822-47D1-985C-925F45EC1BEC}.Debug|x64.Build.0 = Debug|Any CPU
		{EE60F06B-1822-47D1-985C-925F45EC1BEC}.Debug|x86.ActiveCfg = Debug|Any CPU
		{EE60F06B-1822-47D1-985C-925F45EC1BEC}.Debug|x86.Build.0 = Debug|Any CPU
		{EE60F06B-1822-47D1-985C-925F45EC1BEC}.Release|Any CPU.ActiveCfg = Release|Any CPU
		{EE60F06B-1822-47D1-985C-925F45EC1BEC}.Release|Any CPU.Build.0 = Release|Any CPU
		{EE60F06B-1822-47D1-985C-925F45EC1BEC}.Release|x64.ActiveCfg = Release|Any CPU
		{EE60F06B-1822-47D1-985C-925F45EC1BEC}.Release|x64.Build.0 = Release|Any CPU
		{EE60F06B-1822-47D1-985C-925F45EC1BEC}.Release|x86.ActiveCfg = Release|Any CPU
		{EE60F06B-1822-47D1-985C-925F45EC1BEC}.Release|x86.Build.0 = Release|Any CPU
		{7D5F6A40-8AC3-4C18-918E-680B84EEF62F}.Debug|Any CPU.ActiveCfg = Debug|Any CPU
		{7D5F6A40-8AC3-4C18-918E-680B84EEF62F}.Debug|Any CPU.Build.0 = Debug|Any CPU
		{7D5F6A40-8AC3-4C18-918E-680B84EEF62F}.Debug|x64.ActiveCfg = Debug|Any CPU
		{7D5F6A40-8AC3-4C18-918E-680B84EEF62F}.Debug|x64.Build.0 = Debug|Any CPU
		{7D5F6A40-8AC3-4C18-918E-680B84EEF62F}.Debug|x86.ActiveCfg = Debug|Any CPU
		{7D5F6A40-8AC3-4C18-918E-680B84EEF62F}.Debug|x86.Build.0 = Debug|Any CPU
		{7D5F6A40-8AC3-4C18-918E-680B84EEF62F}.Release|Any CPU.ActiveCfg = Release|Any CPU
		{7D5F6A40-8AC3-4C18-918E-680B84EEF62F}.Release|Any CPU.Build.0 = Release|Any CPU
		{7D5F6A40-8AC3-4C18-918E-680B84EEF62F}.Release|x64.ActiveCfg = Release|Any CPU
		{7D5F6A40-8AC3-4C18-918E-680B84EEF62F}.Release|x64.Build.0 = Release|Any CPU
		{7D5F6A40-8AC3-4C18-918E-680B84EEF62F}.Release|x86.ActiveCfg = Release|Any CPU
		{7D5F6A40-8AC3-4C18-918E-680B84EEF62F}.Release|x86.Build.0 = Release|Any CPU
		{2357EC54-5FC0-4AE7-B6D4-8E8C9D0AAC25}.Debug|Any CPU.ActiveCfg = Debug|Any CPU
		{2357EC54-5FC0-4AE7-B6D4-8E8C9D0AAC25}.Debug|Any CPU.Build.0 = Debug|Any CPU
		{2357EC54-5FC0-4AE7-B6D4-8E8C9D0AAC25}.Debug|x64.ActiveCfg = Debug|Any CPU
		{2357EC54-5FC0-4AE7-B6D4-8E8C9D0AAC25}.Debug|x64.Build.0 = Debug|Any CPU
		{2357EC54-5FC0-4AE7-B6D4-8E8C9D0AAC25}.Debug|x86.ActiveCfg = Debug|Any CPU
		{2357EC54-5FC0-4AE7-B6D4-8E8C9D0AAC25}.Debug|x86.Build.0 = Debug|Any CPU
		{2357EC54-5FC0-4AE7-B6D4-8E8C9D0AAC25}.Release|Any CPU.ActiveCfg = Release|Any CPU
		{2357EC54-5FC0-4AE7-B6D4-8E8C9D0AAC25}.Release|Any CPU.Build.0 = Release|Any CPU
		{2357EC54-5FC0-4AE7-B6D4-8E8C9D0AAC25}.Release|x64.ActiveCfg = Release|Any CPU
		{2357EC54-5FC0-4AE7-B6D4-8E8C9D0AAC25}.Release|x64.Build.0 = Release|Any CPU
		{2357EC54-5FC0-4AE7-B6D4-8E8C9D0AAC25}.Release|x86.ActiveCfg = Release|Any CPU
		{2357EC54-5FC0-4AE7-B6D4-8E8C9D0AAC25}.Release|x86.Build.0 = Release|Any CPU
		{B99518ED-7D2C-4DA7-B52B-CEF2E9E994DD}.Debug|Any CPU.ActiveCfg = Debug|Any CPU
		{B99518ED-7D2C-4DA7-B52B-CEF2E9E994DD}.Debug|Any CPU.Build.0 = Debug|Any CPU
		{B99518ED-7D2C-4DA7-B52B-CEF2E9E994DD}.Debug|x64.ActiveCfg = Debug|Any CPU
		{B99518ED-7D2C-4DA7-B52B-CEF2E9E994DD}.Debug|x64.Build.0 = Debug|Any CPU
		{B99518ED-7D2C-4DA7-B52B-CEF2E9E994DD}.Debug|x86.ActiveCfg = Debug|Any CPU
		{B99518ED-7D2C-4DA7-B52B-CEF2E9E994DD}.Debug|x86.Build.0 = Debug|Any CPU
		{B99518ED-7D2C-4DA7-B52B-CEF2E9E994DD}.Release|Any CPU.ActiveCfg = Release|Any CPU
		{B99518ED-7D2C-4DA7-B52B-CEF2E9E994DD}.Release|Any CPU.Build.0 = Release|Any CPU
		{B99518ED-7D2C-4DA7-B52B-CEF2E9E994DD}.Release|x64.ActiveCfg = Release|Any CPU
		{B99518ED-7D2C-4DA7-B52B-CEF2E9E994DD}.Release|x64.Build.0 = Release|Any CPU
		{B99518ED-7D2C-4DA7-B52B-CEF2E9E994DD}.Release|x86.ActiveCfg = Release|Any CPU
		{B99518ED-7D2C-4DA7-B52B-CEF2E9E994DD}.Release|x86.Build.0 = Release|Any CPU
		{FD4EE4A9-75C0-4164-B067-E5F8B1F71501}.Debug|Any CPU.ActiveCfg = Debug|Any CPU
		{FD4EE4A9-75C0-4164-B067-E5F8B1F71501}.Debug|Any CPU.Build.0 = Debug|Any CPU
		{FD4EE4A9-75C0-4164-B067-E5F8B1F71501}.Debug|x64.ActiveCfg = Debug|Any CPU
		{FD4EE4A9-75C0-4164-B067-E5F8B1F71501}.Debug|x64.Build.0 = Debug|Any CPU
		{FD4EE4A9-75C0-4164-B067-E5F8B1F71501}.Debug|x86.ActiveCfg = Debug|Any CPU
		{FD4EE4A9-75C0-4164-B067-E5F8B1F71501}.Debug|x86.Build.0 = Debug|Any CPU
		{FD4EE4A9-75C0-4164-B067-E5F8B1F71501}.Release|Any CPU.ActiveCfg = Release|Any CPU
		{FD4EE4A9-75C0-4164-B067-E5F8B1F71501}.Release|Any CPU.Build.0 = Release|Any CPU
		{FD4EE4A9-75C0-4164-B067-E5F8B1F71501}.Release|x64.ActiveCfg = Release|Any CPU
		{FD4EE4A9-75C0-4164-B067-E5F8B1F71501}.Release|x64.Build.0 = Release|Any CPU
		{FD4EE4A9-75C0-4164-B067-E5F8B1F71501}.Release|x86.ActiveCfg = Release|Any CPU
		{FD4EE4A9-75C0-4164-B067-E5F8B1F71501}.Release|x86.Build.0 = Release|Any CPU
		{986E0321-B5A1-413F-859D-0D9A5A46BA5E}.Debug|Any CPU.ActiveCfg = Debug|Any CPU
		{986E0321-B5A1-413F-859D-0D9A5A46BA5E}.Debug|Any CPU.Build.0 = Debug|Any CPU
		{986E0321-B5A1-413F-859D-0D9A5A46BA5E}.Debug|x64.ActiveCfg = Debug|Any CPU
		{986E0321-B5A1-413F-859D-0D9A5A46BA5E}.Debug|x64.Build.0 = Debug|Any CPU
		{986E0321-B5A1-413F-859D-0D9A5A46BA5E}.Debug|x86.ActiveCfg = Debug|Any CPU
		{986E0321-B5A1-413F-859D-0D9A5A46BA5E}.Debug|x86.Build.0 = Debug|Any CPU
		{986E0321-B5A1-413F-859D-0D9A5A46BA5E}.Release|Any CPU.ActiveCfg = Release|Any CPU
		{986E0321-B5A1-413F-859D-0D9A5A46BA5E}.Release|Any CPU.Build.0 = Release|Any CPU
		{986E0321-B5A1-413F-859D-0D9A5A46BA5E}.Release|x64.ActiveCfg = Release|Any CPU
		{986E0321-B5A1-413F-859D-0D9A5A46BA5E}.Release|x64.Build.0 = Release|Any CPU
		{986E0321-B5A1-413F-859D-0D9A5A46BA5E}.Release|x86.ActiveCfg = Release|Any CPU
		{986E0321-B5A1-413F-859D-0D9A5A46BA5E}.Release|x86.Build.0 = Release|Any CPU
		{01BD968D-0C6F-4135-A246-E8C8E97C8326}.Debug|Any CPU.ActiveCfg = Debug|Any CPU
		{01BD968D-0C6F-4135-A246-E8C8E97C8326}.Debug|Any CPU.Build.0 = Debug|Any CPU
		{01BD968D-0C6F-4135-A246-E8C8E97C8326}.Debug|x64.ActiveCfg = Debug|Any CPU
		{01BD968D-0C6F-4135-A246-E8C8E97C8326}.Debug|x64.Build.0 = Debug|Any CPU
		{01BD968D-0C6F-4135-A246-E8C8E97C8326}.Debug|x86.ActiveCfg = Debug|Any CPU
		{01BD968D-0C6F-4135-A246-E8C8E97C8326}.Debug|x86.Build.0 = Debug|Any CPU
		{01BD968D-0C6F-4135-A246-E8C8E97C8326}.Release|Any CPU.ActiveCfg = Release|Any CPU
		{01BD968D-0C6F-4135-A246-E8C8E97C8326}.Release|Any CPU.Build.0 = Release|Any CPU
		{01BD968D-0C6F-4135-A246-E8C8E97C8326}.Release|x64.ActiveCfg = Release|Any CPU
		{01BD968D-0C6F-4135-A246-E8C8E97C8326}.Release|x64.Build.0 = Release|Any CPU
		{01BD968D-0C6F-4135-A246-E8C8E97C8326}.Release|x86.ActiveCfg = Release|Any CPU
		{01BD968D-0C6F-4135-A246-E8C8E97C8326}.Release|x86.Build.0 = Release|Any CPU
	EndGlobalSection
EndGlobal
